// !$*UTF8*$!
{
	archiveVersion = 1;
	classes = {
	};
	objectVersion = 56;
	objects = {

/* Begin PBXBuildFile section */
		4860C99A2A502E37006F71EE /* BrewSDK.docc in Sources */ = {isa = PBXBuildFile; fileRef = 4860C9992A502E37006F71EE /* BrewSDK.docc */; };
		4860C9A02A502E38006F71EE /* BrewSDK.framework in Frameworks */ = {isa = PBXBuildFile; fileRef = 4860C9952A502E37006F71EE /* BrewSDK.framework */; };
		4860C9A52A502E38006F71EE /* BrewSDKTests.swift in Sources */ = {isa = PBXBuildFile; fileRef = 4860C9A42A502E38006F71EE /* BrewSDKTests.swift */; };
		4860C9A62A502E38006F71EE /* BrewSDK.h in Headers */ = {isa = PBXBuildFile; fileRef = 4860C9982A502E37006F71EE /* BrewSDK.h */; settings = {ATTRIBUTES = (Public, ); }; };
		4860C9B02A503012006F71EE /* brewManager.swift in Sources */ = {isa = PBXBuildFile; fileRef = 4860C9AF2A503012006F71EE /* brewManager.swift */; };
/* End PBXBuildFile section */

/* Begin PBXContainerItemProxy section */
		4860C9A12A502E38006F71EE /* PBXContainerItemProxy */ = {
			isa = PBXContainerItemProxy;
			containerPortal = 4860C98C2A502E37006F71EE /* Project object */;
			proxyType = 1;
			remoteGlobalIDString = 4860C9942A502E37006F71EE;
			remoteInfo = BrewSDK;
		};
/* End PBXContainerItemProxy section */

/* Begin PBXFileReference section */
		4860C9952A502E37006F71EE /* BrewSDK.framework */ = {isa = PBXFileReference; explicitFileType = wrapper.framework; includeInIndex = 0; path = BrewSDK.framework; sourceTree = BUILT_PRODUCTS_DIR; };
		4860C9982A502E37006F71EE /* BrewSDK.h */ = {isa = PBXFileReference; lastKnownFileType = sourcecode.c.h; path = BrewSDK.h; sourceTree = "<group>"; };
		4860C9992A502E37006F71EE /* BrewSDK.docc */ = {isa = PBXFileReference; lastKnownFileType = folder.documentationcatalog; path = BrewSDK.docc; sourceTree = "<group>"; };
		4860C99F2A502E38006F71EE /* BrewSDKTests.xctest */ = {isa = PBXFileReference; explicitFileType = wrapper.cfbundle; includeInIndex = 0; path = BrewSDKTests.xctest; sourceTree = BUILT_PRODUCTS_DIR; };
		4860C9A42A502E38006F71EE /* BrewSDKTests.swift */ = {isa = PBXFileReference; lastKnownFileType = sourcecode.swift; path = BrewSDKTests.swift; sourceTree = "<group>"; };
		4860C9AF2A503012006F71EE /* brewManager.swift */ = {isa = PBXFileReference; fileEncoding = 4; lastKnownFileType = sourcecode.swift; name = brewManager.swift; path = "../../ARD Blue Test/ARD Blue Test/brewManager.swift"; sourceTree = "<group>"; };
/* End PBXFileReference section */

/* Begin PBXFrameworksBuildPhase section */
		4860C9922A502E37006F71EE /* Frameworks */ = {
			isa = PBXFrameworksBuildPhase;
			buildActionMask = 2147483647;
			files = (
			);
			runOnlyForDeploymentPostprocessing = 0;
		};
		4860C99C2A502E38006F71EE /* Frameworks */ = {
			isa = PBXFrameworksBuildPhase;
			buildActionMask = 2147483647;
			files = (
				4860C9A02A502E38006F71EE /* BrewSDK.framework in Frameworks */,
			);
			runOnlyForDeploymentPostprocessing = 0;
		};
/* End PBXFrameworksBuildPhase section */

/* Begin PBXGroup section */
		4860C98B2A502E37006F71EE = {
			isa = PBXGroup;
			children = (
				4860C9972A502E37006F71EE /* BrewSDK */,
				4860C9A32A502E38006F71EE /* BrewSDKTests */,
				4860C9962A502E37006F71EE /* Products */,
			);
			sourceTree = "<group>";
		};
		4860C9962A502E37006F71EE /* Products */ = {
			isa = PBXGroup;
			children = (
				4860C9952A502E37006F71EE /* BrewSDK.framework */,
				4860C99F2A502E38006F71EE /* BrewSDKTests.xctest */,
			);
			name = Products;
			sourceTree = "<group>";
		};
		4860C9972A502E37006F71EE /* BrewSDK */ = {
			isa = PBXGroup;
			children = (
				4860C9AF2A503012006F71EE /* brewManager.swift */,
				4860C9982A502E37006F71EE /* BrewSDK.h */,
				4860C9992A502E37006F71EE /* BrewSDK.docc */,
			);
			path = BrewSDK;
			sourceTree = "<group>";
		};
		4860C9A32A502E38006F71EE /* BrewSDKTests */ = {
			isa = PBXGroup;
			children = (
				4860C9A42A502E38006F71EE /* BrewSDKTests.swift */,
			);
			path = BrewSDKTests;
			sourceTree = "<group>";
		};
/* End PBXGroup section */

/* Begin PBXHeadersBuildPhase section */
		4860C9902A502E37006F71EE /* Headers */ = {
			isa = PBXHeadersBuildPhase;
			buildActionMask = 2147483647;
			files = (
				4860C9A62A502E38006F71EE /* BrewSDK.h in Headers */,
			);
			runOnlyForDeploymentPostprocessing = 0;
		};
/* End PBXHeadersBuildPhase section */

/* Begin PBXNativeTarget section */
		4860C9942A502E37006F71EE /* BrewSDK */ = {
			isa = PBXNativeTarget;
			buildConfigurationList = 4860C9A92A502E38006F71EE /* Build configuration list for PBXNativeTarget "BrewSDK" */;
			buildPhases = (
				4860C9902A502E37006F71EE /* Headers */,
				4860C9912A502E37006F71EE /* Sources */,
				4860C9922A502E37006F71EE /* Frameworks */,
				4860C9932A502E37006F71EE /* Resources */,
			);
			buildRules = (
			);
			dependencies = (
			);
			name = BrewSDK;
			productName = BrewSDK;
			productReference = 4860C9952A502E37006F71EE /* BrewSDK.framework */;
			productType = "com.apple.product-type.framework";
		};
		4860C99E2A502E38006F71EE /* BrewSDKTests */ = {
			isa = PBXNativeTarget;
			buildConfigurationList = 4860C9AC2A502E38006F71EE /* Build configuration list for PBXNativeTarget "BrewSDKTests" */;
			buildPhases = (
				4860C99B2A502E38006F71EE /* Sources */,
				4860C99C2A502E38006F71EE /* Frameworks */,
				4860C99D2A502E38006F71EE /* Resources */,
			);
			buildRules = (
			);
			dependencies = (
				4860C9A22A502E38006F71EE /* PBXTargetDependency */,
			);
			name = BrewSDKTests;
			productName = BrewSDKTests;
			productReference = 4860C99F2A502E38006F71EE /* BrewSDKTests.xctest */;
			productType = "com.apple.product-type.bundle.unit-test";
		};
/* End PBXNativeTarget section */

/* Begin PBXProject section */
		4860C98C2A502E37006F71EE /* Project object */ = {
			isa = PBXProject;
			attributes = {
				BuildIndependentTargetsInParallel = 1;
				LastSwiftUpdateCheck = 1430;
				LastUpgradeCheck = 1430;
				TargetAttributes = {
					4860C9942A502E37006F71EE = {
						CreatedOnToolsVersion = 14.3.1;
					};
					4860C99E2A502E38006F71EE = {
						CreatedOnToolsVersion = 14.3.1;
					};
				};
			};
			buildConfigurationList = 4860C98F2A502E37006F71EE /* Build configuration list for PBXProject "BrewSDK" */;
			compatibilityVersion = "Xcode 14.0";
			developmentRegion = en;
			hasScannedForEncodings = 0;
			knownRegions = (
				en,
				Base,
			);
			mainGroup = 4860C98B2A502E37006F71EE;
			productRefGroup = 4860C9962A502E37006F71EE /* Products */;
			projectDirPath = "";
			projectRoot = "";
			targets = (
				4860C9942A502E37006F71EE /* BrewSDK */,
				4860C99E2A502E38006F71EE /* BrewSDKTests */,
			);
		};
/* End PBXProject section */

/* Begin PBXResourcesBuildPhase section */
		4860C9932A502E37006F71EE /* Resources */ = {
			isa = PBXResourcesBuildPhase;
			buildActionMask = 2147483647;
			files = (
			);
			runOnlyForDeploymentPostprocessing = 0;
		};
		4860C99D2A502E38006F71EE /* Resources */ = {
			isa = PBXResourcesBuildPhase;
			buildActionMask = 2147483647;
			files = (
			);
			runOnlyForDeploymentPostprocessing = 0;
		};
/* End PBXResourcesBuildPhase section */

/* Begin PBXSourcesBuildPhase section */
		4860C9912A502E37006F71EE /* Sources */ = {
			isa = PBXSourcesBuildPhase;
			buildActionMask = 2147483647;
			files = (
				4860C9B02A503012006F71EE /* brewManager.swift in Sources */,
				4860C99A2A502E37006F71EE /* BrewSDK.docc in Sources */,
			);
			runOnlyForDeploymentPostprocessing = 0;
		};
		4860C99B2A502E38006F71EE /* Sources */ = {
			isa = PBXSourcesBuildPhase;
			buildActionMask = 2147483647;
			files = (
				4860C9A52A502E38006F71EE /* BrewSDKTests.swift in Sources */,
			);
			runOnlyForDeploymentPostprocessing = 0;
		};
/* End PBXSourcesBuildPhase section */

/* Begin PBXTargetDependency section */
		4860C9A22A502E38006F71EE /* PBXTargetDependency */ = {
			isa = PBXTargetDependency;
			target = 4860C9942A502E37006F71EE /* BrewSDK */;
			targetProxy = 4860C9A12A502E38006F71EE /* PBXContainerItemProxy */;
		};
/* End PBXTargetDependency section */

/* Begin XCBuildConfiguration section */
		4860C9A72A502E38006F71EE /* Debug */ = {
			isa = XCBuildConfiguration;
			buildSettings = {
				ALWAYS_SEARCH_USER_PATHS = NO;
				CLANG_ANALYZER_NONNULL = YES;
				CLANG_ANALYZER_NUMBER_OBJECT_CONVERSION = YES_AGGRESSIVE;
				CLANG_CXX_LANGUAGE_STANDARD = "gnu++20";
				CLANG_ENABLE_MODULES = YES;
				CLANG_ENABLE_OBJC_ARC = YES;
				CLANG_ENABLE_OBJC_WEAK = YES;
				CLANG_WARN_BLOCK_CAPTURE_AUTORELEASING = YES;
				CLANG_WARN_BOOL_CONVERSION = YES;
				CLANG_WARN_COMMA = YES;
				CLANG_WARN_CONSTANT_CONVERSION = YES;
				CLANG_WARN_DEPRECATED_OBJC_IMPLEMENTATIONS = YES;
				CLANG_WARN_DIRECT_OBJC_ISA_USAGE = YES_ERROR;
				CLANG_WARN_DOCUMENTATION_COMMENTS = YES;
				CLANG_WARN_EMPTY_BODY = YES;
				CLANG_WARN_ENUM_CONVERSION = YES;
				CLANG_WARN_INFINITE_RECURSION = YES;
				CLANG_WARN_INT_CONVERSION = YES;
				CLANG_WARN_NON_LITERAL_NULL_CONVERSION = YES;
				CLANG_WARN_OBJC_IMPLICIT_RETAIN_SELF = YES;
				CLANG_WARN_OBJC_LITERAL_CONVERSION = YES;
				CLANG_WARN_OBJC_ROOT_CLASS = YES_ERROR;
				CLANG_WARN_QUOTED_INCLUDE_IN_FRAMEWORK_HEADER = YES;
				CLANG_WARN_RANGE_LOOP_ANALYSIS = YES;
				CLANG_WARN_STRICT_PROTOTYPES = YES;
				CLANG_WARN_SUSPICIOUS_MOVE = YES;
				CLANG_WARN_UNGUARDED_AVAILABILITY = YES_AGGRESSIVE;
				CLANG_WARN_UNREACHABLE_CODE = YES;
				CLANG_WARN__DUPLICATE_METHOD_MATCH = YES;
				COPY_PHASE_STRIP = NO;
				CURRENT_PROJECT_VERSION = 1;
				DEBUG_INFORMATION_FORMAT = dwarf;
				ENABLE_STRICT_OBJC_MSGSEND = YES;
				ENABLE_TESTABILITY = YES;
				GCC_C_LANGUAGE_STANDARD = gnu11;
				GCC_DYNAMIC_NO_PIC = NO;
				GCC_NO_COMMON_BLOCKS = YES;
				GCC_OPTIMIZATION_LEVEL = 0;
				GCC_PREPROCESSOR_DEFINITIONS = (
					"DEBUG=1",
					"$(inherited)",
				);
				GCC_WARN_64_TO_32_BIT_CONVERSION = YES;
				GCC_WARN_ABOUT_RETURN_TYPE = YES_ERROR;
				GCC_WARN_UNDECLARED_SELECTOR = YES;
				GCC_WARN_UNINITIALIZED_AUTOS = YES_AGGRESSIVE;
				GCC_WARN_UNUSED_FUNCTION = YES;
				GCC_WARN_UNUSED_VARIABLE = YES;
				IPHONEOS_DEPLOYMENT_TARGET = 16.4;
				MTL_ENABLE_DEBUG_INFO = INCLUDE_SOURCE;
				MTL_FAST_MATH = YES;
				ONLY_ACTIVE_ARCH = YES;
				SDKROOT = iphoneos;
				SWIFT_ACTIVE_COMPILATION_CONDITIONS = DEBUG;
				SWIFT_OPTIMIZATION_LEVEL = "-Onone";
				VERSIONING_SYSTEM = "apple-generic";
				VERSION_INFO_PREFIX = "";
			};
			name = Debug;
		};
		4860C9A82A502E38006F71EE /* Release */ = {
			isa = XCBuildConfiguration;
			buildSettings = {
				ALWAYS_SEARCH_USER_PATHS = NO;
				CLANG_ANALYZER_NONNULL = YES;
				CLANG_ANALYZER_NUMBER_OBJECT_CONVERSION = YES_AGGRESSIVE;
				CLANG_CXX_LANGUAGE_STANDARD = "gnu++20";
				CLANG_ENABLE_MODULES = YES;
				CLANG_ENABLE_OBJC_ARC = YES;
				CLANG_ENABLE_OBJC_WEAK = YES;
				CLANG_WARN_BLOCK_CAPTURE_AUTORELEASING = YES;
				CLANG_WARN_BOOL_CONVERSION = YES;
				CLANG_WARN_COMMA = YES;
				CLANG_WARN_CONSTANT_CONVERSION = YES;
				CLANG_WARN_DEPRECATED_OBJC_IMPLEMENTATIONS = YES;
				CLANG_WARN_DIRECT_OBJC_ISA_USAGE = YES_ERROR;
				CLANG_WARN_DOCUMENTATION_COMMENTS = YES;
				CLANG_WARN_EMPTY_BODY = YES;
				CLANG_WARN_ENUM_CONVERSION = YES;
				CLANG_WARN_INFINITE_RECURSION = YES;
				CLANG_WARN_INT_CONVERSION = YES;
				CLANG_WARN_NON_LITERAL_NULL_CONVERSION = YES;
				CLANG_WARN_OBJC_IMPLICIT_RETAIN_SELF = YES;
				CLANG_WARN_OBJC_LITERAL_CONVERSION = YES;
				CLANG_WARN_OBJC_ROOT_CLASS = YES_ERROR;
				CLANG_WARN_QUOTED_INCLUDE_IN_FRAMEWORK_HEADER = YES;
				CLANG_WARN_RANGE_LOOP_ANALYSIS = YES;
				CLANG_WARN_STRICT_PROTOTYPES = YES;
				CLANG_WARN_SUSPICIOUS_MOVE = YES;
				CLANG_WARN_UNGUARDED_AVAILABILITY = YES_AGGRESSIVE;
				CLANG_WARN_UNREACHABLE_CODE = YES;
				CLANG_WARN__DUPLICATE_METHOD_MATCH = YES;
				COPY_PHASE_STRIP = NO;
				CURRENT_PROJECT_VERSION = 1;
				DEBUG_INFORMATION_FORMAT = "dwarf-with-dsym";
				ENABLE_NS_ASSERTIONS = NO;
				ENABLE_STRICT_OBJC_MSGSEND = YES;
				GCC_C_LANGUAGE_STANDARD = gnu11;
				GCC_NO_COMMON_BLOCKS = YES;
				GCC_WARN_64_TO_32_BIT_CONVERSION = YES;
				GCC_WARN_ABOUT_RETURN_TYPE = YES_ERROR;
				GCC_WARN_UNDECLARED_SELECTOR = YES;
				GCC_WARN_UNINITIALIZED_AUTOS = YES_AGGRESSIVE;
				GCC_WARN_UNUSED_FUNCTION = YES;
				GCC_WARN_UNUSED_VARIABLE = YES;
				IPHONEOS_DEPLOYMENT_TARGET = 16.4;
				MTL_ENABLE_DEBUG_INFO = NO;
				MTL_FAST_MATH = YES;
				SDKROOT = iphoneos;
				SWIFT_COMPILATION_MODE = wholemodule;
				SWIFT_OPTIMIZATION_LEVEL = "-O";
				VALIDATE_PRODUCT = YES;
				VERSIONING_SYSTEM = "apple-generic";
				VERSION_INFO_PREFIX = "";
			};
			name = Release;
		};
		4860C9AA2A502E38006F71EE /* Debug */ = {
			isa = XCBuildConfiguration;
			buildSettings = {
				CODE_SIGN_STYLE = Automatic;
				CURRENT_PROJECT_VERSION = 1;
				DEFINES_MODULE = YES;
				DEVELOPMENT_TEAM = 6YNL53RS57;
				DYLIB_COMPATIBILITY_VERSION = 1;
				DYLIB_CURRENT_VERSION = 1;
				DYLIB_INSTALL_NAME_BASE = "@rpath";
				ENABLE_MODULE_VERIFIER = YES;
				GENERATE_INFOPLIST_FILE = YES;
				INFOPLIST_KEY_NSHumanReadableCopyright = "";
				INSTALL_PATH = "$(LOCAL_LIBRARY_DIR)/Frameworks";
				LD_RUNPATH_SEARCH_PATHS = (
					"$(inherited)",
					"@executable_path/Frameworks",
					"@loader_path/Frameworks",
				);
				MARKETING_VERSION = 1.0;
				MODULE_VERIFIER_SUPPORTED_LANGUAGES = "objective-c objective-c++";
				MODULE_VERIFIER_SUPPORTED_LANGUAGE_STANDARDS = "gnu11 gnu++20";
				PRODUCT_BUNDLE_IDENTIFIER = "CasualRei-.BrewSDK";
				PRODUCT_NAME = "$(TARGET_NAME:c99extidentifier)";
				SKIP_INSTALL = YES;
				SWIFT_EMIT_LOC_STRINGS = YES;
				SWIFT_VERSION = 5.0;
				TARGETED_DEVICE_FAMILY = "1,2";
			};
			name = Debug;
		};
		4860C9AB2A502E38006F71EE /* Release */ = {
			isa = XCBuildConfiguration;
			buildSettings = {
				CODE_SIGN_STYLE = Automatic;
				CURRENT_PROJECT_VERSION = 1;
				DEFINES_MODULE = YES;
				DEVELOPMENT_TEAM = 6YNL53RS57;
				DYLIB_COMPATIBILITY_VERSION = 1;
				DYLIB_CURRENT_VERSION = 1;
				DYLIB_INSTALL_NAME_BASE = "@rpath";
				ENABLE_MODULE_VERIFIER = YES;
				GENERATE_INFOPLIST_FILE = YES;
				INFOPLIST_KEY_NSHumanReadableCopyright = "";
				INSTALL_PATH = "$(LOCAL_LIBRARY_DIR)/Frameworks";
				LD_RUNPATH_SEARCH_PATHS = (
					"$(inherited)",
					"@executable_path/Frameworks",
					"@loader_path/Frameworks",
				);
				MARKETING_VERSION = 1.0;
				MODULE_VERIFIER_SUPPORTED_LANGUAGES = "objective-c objective-c++";
				MODULE_VERIFIER_SUPPORTED_LANGUAGE_STANDARDS = "gnu11 gnu++20";
				PRODUCT_BUNDLE_IDENTIFIER = "CasualRei-.BrewSDK";
				PRODUCT_NAME = "$(TARGET_NAME:c99extidentifier)";
				SKIP_INSTALL = YES;
				SWIFT_EMIT_LOC_STRINGS = YES;
				SWIFT_VERSION = 5.0;
				TARGETED_DEVICE_FAMILY = "1,2";
			};
			name = Release;
		};
		4860C9AD2A502E38006F71EE /* Debug */ = {
			isa = XCBuildConfiguration;
			buildSettings = {
				ALWAYS_EMBED_SWIFT_STANDARD_LIBRARIES = YES;
				CODE_SIGN_STYLE = Automatic;
				CURRENT_PROJECT_VERSION = 1;
				DEVELOPMENT_TEAM = 6YNL53RS57;
				GENERATE_INFOPLIST_FILE = YES;
				MARKETING_VERSION = 1.0;
				PRODUCT_BUNDLE_IDENTIFIER = "CasualRei-.BrewSDKTests";
				PRODUCT_NAME = "$(TARGET_NAME)";
				SWIFT_EMIT_LOC_STRINGS = NO;
				SWIFT_VERSION = 5.0;
				TARGETED_DEVICE_FAMILY = "1,2";
			};
			name = Debug;
		};
		4860C9AE2A502E38006F71EE /* Release */ = {
			isa = XCBuildConfiguration;
			buildSettings = {
				ALWAYS_EMBED_SWIFT_STANDARD_LIBRARIES = YES;
				CODE_SIGN_STYLE = Automatic;
				CURRENT_PROJECT_VERSION = 1;
				DEVELOPMENT_TEAM = 6YNL53RS57;
				GENERATE_INFOPLIST_FILE = YES;
				MARKETING_VERSION = 1.0;
				PRODUCT_BUNDLE_IDENTIFIER = "CasualRei-.BrewSDKTests";
				PRODUCT_NAME = "$(TARGET_NAME)";
				SWIFT_EMIT_LOC_STRINGS = NO;
				SWIFT_VERSION = 5.0;
				TARGETED_DEVICE_FAMILY = "1,2";
			};
			name = Release;
		};
/* End XCBuildConfiguration section */

/* Begin XCConfigurationList section */
		4860C98F2A502E37006F71EE /* Build configuration list for PBXProject "BrewSDK" */ = {
			isa = XCConfigurationList;
			buildConfigurations = (
				4860C9A72A502E38006F71EE /* Debug */,
				4860C9A82A502E38006F71EE /* Release */,
			);
			defaultConfigurationIsVisible = 0;
			defaultConfigurationName = Release;
		};
		4860C9A92A502E38006F71EE /* Build configuration list for PBXNativeTarget "BrewSDK" */ = {
			isa = XCConfigurationList;
			buildConfigurations = (
				4860C9AA2A502E38006F71EE /* Debug */,
				4860C9AB2A502E38006F71EE /* Release */,
			);
			defaultConfigurationIsVisible = 0;
			defaultConfigurationName = Release;
		};
		4860C9AC2A502E38006F71EE /* Build configuration list for PBXNativeTarget "BrewSDKTests" */ = {
			isa = XCConfigurationList;
			buildConfigurations = (
				4860C9AD2A502E38006F71EE /* Debug */,
				4860C9AE2A502E38006F71EE /* Release */,
			);
			defaultConfigurationIsVisible = 0;
			defaultConfigurationName = Release;
		};
/* End XCConfigurationList section */
	};
	rootObject = 4860C98C2A502E37006F71EE /* Project object */;
}
